Microsoft Visual Studio Solution File, Format Version 12.00
# Visual Studio Version 17
VisualStudioVersion = 17.5.2.0
MinimumVisualStudioVersion = 10.0.40219.1
Project("{FAE04EC0-301F-11D3-BF4B-00C04F79EFBC}") = "az-oai-quickstart", "az-oai-quickstart\az-oai-quickstart.csproj", "{FBABF3C8-FB69-3A80-4173-EAC9A48D6995}"
EndProject
Global
	GlobalSection(SolutionConfigurationPlatforms) = preSolution
		Debug|Any CPU = Debug|Any CPU
		Release|Any CPU = Release|Any CPU
	EndGlobalSection
	GlobalSection(ProjectConfigurationPlatforms) = postSolution
		{FBABF3C8-FB69-3A80-4173-EAC9A48D6995}.Debug|Any CPU.ActiveCfg = Debug|Any CPU
		{FBABF3C8-FB69-3A80-4173-EAC9A48D6995}.Debug|Any CPU.Build.0 = Debug|Any CPU
		{FBABF3C8-FB69-3A80-4173-EAC9A48D6995}.Release|Any CPU.ActiveCfg = Release|Any CPU
		{FBABF3C8-FB69-3A80-4173-EAC9A48D6995}.Release|Any CPU.Build.0 = Release|Any CPU
	EndGlobalSection
	GlobalSection(SolutionProperties) = preSolution
		HideSolutionNode = FALSE
	EndGlobalSection
	GlobalSection(ExtensibilityGlobals) = postSolution
		SolutionGuid = {27284BE8-308D-4E63-9BDB-5F7AE6706509}
	EndGlobalSection
EndGlobal
